{
  "name": "static-server",
  "version": "1.0.0",
  "lockfileVersion": 1,
  "requires": true,
  "dependencies": {
    "ap": {
      "version": "0.1.0",
      "resolved": "http://r.npm.sankuai.com/ap/download/ap-0.1.0.tgz",
      "integrity": "sha1-2KPyZhU3k5ihtTymzBpmag+/4VA="
    },
    "body": {
      "version": "0.1.0",
      "resolved": "http://r.npm.sankuai.com/body/download/body-0.1.0.tgz",
      "integrity": "sha1-5xT+KM2ISKo0zfLJ8kK74uFdHNg=",
      "requires": {
        "content-types": "0.1.0"
      }
    },
    "camelize": {
      "version": "1.0.0",
      "resolved": "http://r.npm.sankuai.com/camelize/download/camelize-1.0.0.tgz",
      "integrity": "sha1-FkpUg+Yw+kMh5a8HAg5TGDGyYJs="
    },
    "content-types": {
      "version": "0.1.0",
      "resolved": "http://r.npm.sankuai.com/content-types/download/content-types-0.1.0.tgz",
      "integrity": "sha1-DnkLOr/vkPbst3roWF25CZyvdXg=",
      "requires": {
        "iterators": "0.1.0"
      }
    },
    "error": {
      "version": "5.2.0",
      "resolved": "http://r.npm.sankuai.com/error/download/error-5.2.0.tgz",
      "integrity": "sha1-P7WdFnkAWEZkgfrhYBLmnkMvukI=",
      "requires": {
        "camelize": "1.0.0",
        "is-error": "2.2.1",
        "string-template": "0.2.1",
        "xtend": "4.0.1"
      }
    },
    "http-hash": {
      "version": "1.1.1",
      "resolved": "http://r.npm.sankuai.com/http-hash/download/http-hash-1.1.1.tgz",
      "integrity": "sha1-3yBnnR3zWQUqPIVyvzNSMHYtQo0="
    },
    "http-hash-router": {
      "version": "1.1.0",
      "resolved": "http://r.npm.sankuai.com/http-hash-router/download/http-hash-router-1.1.0.tgz",
      "integrity": "sha1-owMsdoRFRfflqYPBoe0XFVjNmvg=",
      "requires": {
        "error": "5.2.0",
        "http-hash": "1.1.1",
        "http-methods": "1.1.0",
        "xtend": "4.0.1"
      }
    },
    "http-methods": {
      "version": "1.1.0",
      "resolved": "http://r.npm.sankuai.com/http-methods/download/http-methods-1.1.0.tgz",
      "integrity": "sha1-3ixbYOVxEviZ/IXxJz731W2Xuxo=",
      "requires": {
        "body": "0.1.0",
        "content-types": "0.1.0"
      }
    },
    "is-error": {
      "version": "2.2.1",
      "resolved": "http://r.npm.sankuai.com/is-error/download/is-error-2.2.1.tgz",
      "integrity": "sha1-aEqW2EB2V3yY9M20DG0mpRI78Zw="
    },
    "iterators": {
      "version": "0.1.0",
      "resolved": "http://r.npm.sankuai.com/iterators/download/iterators-0.1.0.tgz",
      "integrity": "sha1-0D9mbKTmEwE4VlmXys6lQWQgMVY=",
      "requires": {
        "ap": "0.1.0"
      }
    },
    "string-template": {
      "version": "0.2.1",
      "resolved": "http://r.npm.sankuai.com/string-template/download/string-template-0.2.1.tgz",
      "integrity": "sha1-QpMuWYo1LQH8IuwzZ9nYTuxsmt0="
    },
    "xtend": {
      "version": "4.0.1",
      "resolved": "http://r.npm.sankuai.com/xtend/download/xtend-4.0.1.tgz",
      "integrity": "sha1-pcbVMr5lbiPbgg77lDofBJmNY68="
    }
  }
}
